{
    "_meta": {
        "hash": {
            "sha256": "ae3855e610af56765d74401f7d20a6ca6dffcc822e61b5a8c8bf356b01d62be1"
        },
        "pipfile-spec": 6,
        "requires": {
            "python_version": "3.6"
        },
        "sources": [
            {
                "name": "pypi",
                "url": "https://pypi.python.org/simple",
                "verify_ssl": true
            }
        ]
    },
    "default": {
        "boto3": {
            "hashes": [
                "sha256:a9a4ea9f81e6f1cd2e3b6c472dab8d1dff96aeb5a1f7c30c2570a1c1482f7084",
                "sha256:e3247ef6ca868f1fb6759e26e992caf84758660ec9be293b42e3dd91133a2662"
            ],
            "index": "pypi",
            "version": "==1.9.165"
        },
        "botocore": {
            "hashes": [
                "sha256:3baf129118575602ada9926f5166d82d02273c250d0feb313fc270944b27c48b",
                "sha256:dc080aed4f9b220a9e916ca29ca97a9d37e8e1d296fe89cbaeef929bf0c8066b"
            ],
            "version": "==1.12.253"
        },
        "certifi": {
            "hashes": [
                "sha256:35824b4c3a97115964b408844d64aa14db1cc518f6562e8d7261699d1350a9e3",
                "sha256:4ad3232f5e926d6718ec31cfc1fcadfde020920e278684144551c91769c7bc18"
            ],
            "index": "pypi",
            "version": "==2022.12.7"
        },
        "charset-normalizer": {
            "hashes": [
                "sha256:2857e29ff0d34db842cd7ca3230549d1a697f96ee6d3fb071cfa6c7393832597",
                "sha256:6881edbebdb17b39b4eaaa821b438bf6eddffb4468cf344f09f89def34a8b1df"
            ],
            "markers": "python_version >= '3'",
            "version": "==2.0.12"
        },
        "dnsimple": {
            "hashes": [
                "sha256:740bdced6b48f837b0e99cacdabd9788500d9ca4fe25ca9f6ae875b75a071583"
            ],
            "index": "pypi",
            "version": "==1.2.0"
        },
        "docutils": {
            "hashes": [
                "sha256:6c4f696463b79f1fb8ba0c594b63840ebd41f059e92b31957c46b74a4599b6d0",
                "sha256:9e4d7ecfc600058e07ba661411a2b7de2fd0fafa17d1a7f7361cd47b1175c827",
                "sha256:a2aeea129088da402665e92e0b25b04b073c04b2dce4ab65caaa38b7ce2e1a99"
            ],
            "markers": "python_version >= '2.6' and python_version not in '3.0, 3.1, 3.2, 3.3'",
            "version": "==0.15.2"
        },
        "idna": {
            "hashes": [
                "sha256:814f528e8dead7d329833b91c5faa87d60bf71824cd12a7530b5526063d02cb4",
                "sha256:90b77e79eaa3eba6de819a0c442c0b4ceefc341a7a2ab77d7562bf49f425c5c2"
            ],
            "markers": "python_version >= '3'",
            "version": "==3.4"
        },
        "jinja2": {
            "hashes": [
                "sha256:077ce6014f7b40d03b47d1f1ca4b0fc8328a692bd284016f806ed0eaca390ad8",
                "sha256:611bb273cd68f3b993fabdc4064fc858c5b47a973cb5aa7999ec1ba405c87cd7"
            ],
            "markers": "python_version >= '3.6'",
            "version": "==3.0.3"
        },
        "jmespath": {
            "hashes": [
                "sha256:b85d0567b8666149a93172712e68920734333c0ce7e89b78b3e987f71e5ed4f9",
                "sha256:cdf6525904cc597730141d61b36f2e4b8ecc257c420fa2f4549bac2c2d0cb72f"
            ],
            "markers": "python_version >= '2.6' and python_version not in '3.0, 3.1, 3.2, 3.3'",
            "version": "==0.10.0"
        },
        "libnacl": {
            "hashes": [
                "sha256:7fa7b7896738d3874126d6945cd93e61fc43c6eafaed0429774f91307087cbcc",
                "sha256:9bac3d8867678c457d0c018f028052996ab567a6b4964e82a17072ed2cb2675b"
            ],
            "index": "pypi",
            "version": "==1.6.1"
        },
        "markupsafe": {
            "hashes": [
                "sha256:01a9b8ea66f1658938f65b93a85ebe8bc016e6769611be228d797c9d998dd298",
                "sha256:023cb26ec21ece8dc3907c0e8320058b2e0cb3c55cf9564da612bc325bed5e64",
                "sha256:0446679737af14f45767963a1a9ef7620189912317d095f2d9ffa183a4d25d2b",
                "sha256:04635854b943835a6ea959e948d19dcd311762c5c0c6e1f0e16ee57022669194",
                "sha256:0717a7390a68be14b8c793ba258e075c6f4ca819f15edfc2a3a027c823718567",
                "sha256:0955295dd5eec6cb6cc2fe1698f4c6d84af2e92de33fbcac4111913cd100a6ff",
                "sha256:0d4b31cc67ab36e3392bbf3862cfbadac3db12bdd8b02a2731f509ed5b829724",
                "sha256:10f82115e21dc0dfec9ab5c0223652f7197feb168c940f3ef61563fc2d6beb74",
                "sha256:168cd0a3642de83558a5153c8bd34f175a9a6e7f6dc6384b9655d2697312a646",
                "sha256:1d609f577dc6e1aa17d746f8bd3c31aa4d258f4070d61b2aa5c4166c1539de35",
                "sha256:1f2ade76b9903f39aa442b4aadd2177decb66525062db244b35d71d0ee8599b6",
                "sha256:20dca64a3ef2d6e4d5d615a3fd418ad3bde77a47ec8a23d984a12b5b4c74491a",
                "sha256:2a7d351cbd8cfeb19ca00de495e224dea7e7d919659c2841bbb7f420ad03e2d6",
                "sha256:2d7d807855b419fc2ed3e631034685db6079889a1f01d5d9dac950f764da3dad",
                "sha256:2ef54abee730b502252bcdf31b10dacb0a416229b72c18b19e24a4509f273d26",
                "sha256:36bc903cbb393720fad60fc28c10de6acf10dc6cc883f3e24ee4012371399a38",
                "sha256:37205cac2a79194e3750b0af2a5720d95f786a55ce7df90c3af697bfa100eaac",
                "sha256:3c112550557578c26af18a1ccc9e090bfe03832ae994343cfdacd287db6a6ae7",
                "sha256:3dd007d54ee88b46be476e293f48c85048603f5f516008bee124ddd891398ed6",
                "sha256:4296f2b1ce8c86a6aea78613c34bb1a672ea0e3de9c6ba08a960efe0b0a09047",
                "sha256:47ab1e7b91c098ab893b828deafa1203de86d0bc6ab587b160f78fe6c4011f75",
                "sha256:49e3ceeabbfb9d66c3aef5af3a60cc43b85c33df25ce03d0031a608b0a8b2e3f",
                "sha256:4dc8f9fb58f7364b63fd9f85013b780ef83c11857ae79f2feda41e270468dd9b",
                "sha256:4efca8f86c54b22348a5467704e3fec767b2db12fc39c6d963168ab1d3fc9135",
                "sha256:53edb4da6925ad13c07b6d26c2a852bd81e364f95301c66e930ab2aef5b5ddd8",
                "sha256:5855f8438a7d1d458206a2466bf82b0f104a3724bf96a1c781ab731e4201731a",
                "sha256:594c67807fb16238b30c44bdf74f36c02cdf22d1c8cda91ef8a0ed8dabf5620a",
                "sha256:5b6d930f030f8ed98e3e6c98ffa0652bdb82601e7a016ec2ab5d7ff23baa78d1",
                "sha256:5bb28c636d87e840583ee3adeb78172efc47c8b26127267f54a9c0ec251d41a9",
                "sha256:60bf42e36abfaf9aff1f50f52644b336d4f0a3fd6d8a60ca0d054ac9f713a864",
                "sha256:611d1ad9a4288cf3e3c16014564df047fe08410e628f89805e475368bd304914",
                "sha256:6300b8454aa6930a24b9618fbb54b5a68135092bc666f7b06901f897fa5c2fee",
                "sha256:63f3268ba69ace99cab4e3e3b5840b03340efed0948ab8f78d2fd87ee5442a4f",
                "sha256:6557b31b5e2c9ddf0de32a691f2312a32f77cd7681d8af66c2692efdbef84c18",
                "sha256:693ce3f9e70a6cf7d2fb9e6c9d8b204b6b39897a2c4a1aa65728d5ac97dcc1d8",
                "sha256:6a7fae0dd14cf60ad5ff42baa2e95727c3d81ded453457771d02b7d2b3f9c0c2",
                "sha256:6c4ca60fa24e85fe25b912b01e62cb969d69a23a5d5867682dd3e80b5b02581d",
                "sha256:6fcf051089389abe060c9cd7caa212c707e58153afa2c649f00346ce6d260f1b",
                "sha256:7d91275b0245b1da4d4cfa07e0faedd5b0812efc15b702576d103293e252af1b",
                "sha256:89c687013cb1cd489a0f0ac24febe8c7a666e6e221b783e53ac50ebf68e45d86",
                "sha256:8d206346619592c6200148b01a2142798c989edcb9c896f9ac9722a99d4e77e6",
                "sha256:905fec760bd2fa1388bb5b489ee8ee5f7291d692638ea5f67982d968366bef9f",
                "sha256:97383d78eb34da7e1fa37dd273c20ad4320929af65d156e35a5e2d89566d9dfb",
                "sha256:984d76483eb32f1bcb536dc27e4ad56bba4baa70be32fa87152832cdd9db0833",
                "sha256:99df47edb6bda1249d3e80fdabb1dab8c08ef3975f69aed437cb69d0a5de1e28",
                "sha256:9f02365d4e99430a12647f09b6cc8bab61a6564363f313126f775eb4f6ef798e",
                "sha256:a30e67a65b53ea0a5e62fe23682cfe22712e01f453b95233b25502f7c61cb415",
                "sha256:ab3ef638ace319fa26553db0624c4699e31a28bb2a835c5faca8f8acf6a5a902",
                "sha256:aca6377c0cb8a8253e493c6b451565ac77e98c2951c45f913e0b52facdcff83f",
                "sha256:add36cb2dbb8b736611303cd3bfcee00afd96471b09cda130da3581cbdc56a6d",
                "sha256:b2f4bf27480f5e5e8ce285a8c8fd176c0b03e93dcc6646477d4630e83440c6a9",
                "sha256:b7f2d075102dc8c794cbde1947378051c4e5180d52d276987b8d28a3bd58c17d",
                "sha256:baa1a4e8f868845af802979fcdbf0bb11f94f1cb7ced4c4b8a351bb60d108145",
                "sha256:be98f628055368795d818ebf93da628541e10b75b41c559fdf36d104c5787066",
                "sha256:bf5d821ffabf0ef3533c39c518f3357b171a1651c1ff6827325e4489b0e46c3c",
                "sha256:c47adbc92fc1bb2b3274c4b3a43ae0e4573d9fbff4f54cd484555edbf030baf1",
                "sha256:cdfba22ea2f0029c9261a4bd07e830a8da012291fbe44dc794e488b6c9bb353a",
                "sha256:d6c7ebd4e944c85e2c3421e612a7057a2f48d478d79e61800d81468a8d842207",
                "sha256:d7f9850398e85aba693bb640262d3611788b1f29a79f0c93c565694658f4071f",
                "sha256:d8446c54dc28c01e5a2dbac5a25f071f6653e6e40f3a8818e8b45d790fe6ef53",
                "sha256:deb993cacb280823246a026e3b2d81c493c53de6acfd5e6bfe31ab3402bb37dd",
                "sha256:e0f138900af21926a02425cf736db95be9f4af72ba1bb21453432a07f6082134",
                "sha256:e9936f0b261d4df76ad22f8fee3ae83b60d7c3e871292cd42f40b81b70afae85",
                "sha256:f0567c4dc99f264f49fe27da5f735f414c4e7e7dd850cfd8e69f0862d7c74ea9",
                "sha256:f5653a225f31e113b152e56f154ccbe59eeb1c7487b39b9d9f9cdb58e6c79dc5",
                "sha256:f826e31d18b516f653fe296d967d700fddad5901ae07c622bb3705955e1faa94",
                "sha256:f8ba0e8349a38d3001fae7eadded3f6606f0da5d748ee53cc1dab1d6527b9509",
                "sha256:f9081981fe268bd86831e5c75f7de206ef275defcb82bc70740ae6dc507aee51",
                "sha256:fa130dd50c57d53368c9d59395cb5526eda596d3ffe36666cd81a44d56e48872"
            ],
            "markers": "python_version >= '3.6'",
            "version": "==2.0.1"
        },
        "msgpack": {
            "hashes": [
                "sha256:002b5c72b6cd9b4bafd790f364b8480e859b4712e91f43014fe01e4f957b8467",
                "sha256:0a68d3ac0104e2d3510de90a1091720157c319ceeb90d74f7b5295a6bee51bae",
                "sha256:0df96d6eaf45ceca04b3f3b4b111b86b33785683d682c655063ef8057d61fd92",
                "sha256:0dfe3947db5fb9ce52aaea6ca28112a170db9eae75adf9339a1aec434dc954ef",
                "sha256:0e3590f9fb9f7fbc36df366267870e77269c03172d086fa76bb4eba8b2b46624",
                "sha256:11184bc7e56fd74c00ead4f9cc9a3091d62ecb96e97653add7a879a14b003227",
                "sha256:112b0f93202d7c0fef0b7810d465fde23c746a2d482e1e2de2aafd2ce1492c88",
                "sha256:1276e8f34e139aeff1c77a3cefb295598b504ac5314d32c8c3d54d24fadb94c9",
                "sha256:1576bd97527a93c44fa856770197dec00d223b0b9f36ef03f65bac60197cedf8",
                "sha256:1e91d641d2bfe91ba4c52039adc5bccf27c335356055825c7f88742c8bb900dd",
                "sha256:26b8feaca40a90cbe031b03d82b2898bf560027160d3eae1423f4a67654ec5d6",
                "sha256:2999623886c5c02deefe156e8f869c3b0aaeba14bfc50aa2486a0415178fce55",
                "sha256:2a2df1b55a78eb5f5b7d2a4bb221cd8363913830145fad05374a80bf0877cb1e",
                "sha256:2bb8cdf50dd623392fa75525cce44a65a12a00c98e1e37bf0fb08ddce2ff60d2",
                "sha256:2cc5ca2712ac0003bcb625c96368fd08a0f86bbc1a5578802512d87bc592fe44",
                "sha256:35bc0faa494b0f1d851fd29129b2575b2e26d41d177caacd4206d81502d4c6a6",
                "sha256:3c11a48cf5e59026ad7cb0dc29e29a01b5a66a3e333dc11c04f7e991fc5510a9",
                "sha256:449e57cc1ff18d3b444eb554e44613cffcccb32805d16726a5494038c3b93dab",
                "sha256:462497af5fd4e0edbb1559c352ad84f6c577ffbbb708566a0abaaa84acd9f3ae",
                "sha256:4733359808c56d5d7756628736061c432ded018e7a1dff2d35a02439043321aa",
                "sha256:48f5d88c99f64c456413d74a975bd605a9b0526293218a3b77220a2c15458ba9",
                "sha256:49565b0e3d7896d9ea71d9095df15b7f75a035c49be733051c34762ca95bbf7e",
                "sha256:4ab251d229d10498e9a2f3b1e68ef64cb393394ec477e3370c457f9430ce9250",
                "sha256:4d5834a2a48965a349da1c5a79760d94a1a0172fbb5ab6b5b33cbf8447e109ce",
                "sha256:4dea20515f660aa6b7e964433b1808d098dcfcabbebeaaad240d11f909298075",
                "sha256:545e3cf0cf74f3e48b470f68ed19551ae6f9722814ea969305794645da091236",
                "sha256:63e29d6e8c9ca22b21846234913c3466b7e4ee6e422f205a2988083de3b08cae",
                "sha256:6916c78f33602ecf0509cc40379271ba0f9ab572b066bd4bdafd7434dee4bc6e",
                "sha256:6a4192b1ab40f8dca3f2877b70e63799d95c62c068c84dc028b40a6cb03ccd0f",
                "sha256:6c9566f2c39ccced0a38d37c26cc3570983b97833c365a6044edef3574a00c08",
                "sha256:76ee788122de3a68a02ed6f3a16bbcd97bc7c2e39bd4d94be2f1821e7c4a64e6",
                "sha256:7760f85956c415578c17edb39eed99f9181a48375b0d4a94076d84148cf67b2d",
                "sha256:77ccd2af37f3db0ea59fb280fa2165bf1b096510ba9fe0cc2bf8fa92a22fdb43",
                "sha256:81fc7ba725464651190b196f3cd848e8553d4d510114a954681fd0b9c479d7e1",
                "sha256:85f279d88d8e833ec015650fd15ae5eddce0791e1e8a59165318f371158efec6",
                "sha256:9667bdfdf523c40d2511f0e98a6c9d3603be6b371ae9a238b7ef2dc4e7a427b0",
                "sha256:a75dfb03f8b06f4ab093dafe3ddcc2d633259e6c3f74bb1b01996f5d8aa5868c",
                "sha256:ac5bd7901487c4a1dd51a8c58f2632b15d838d07ceedaa5e4c080f7190925bff",
                "sha256:aca0f1644d6b5a73eb3e74d4d64d5d8c6c3d577e753a04c9e9c87d07692c58db",
                "sha256:b17be2478b622939e39b816e0aa8242611cc8d3583d1cd8ec31b249f04623243",
                "sha256:c1683841cd4fa45ac427c18854c3ec3cd9b681694caf5bff04edb9387602d661",
                "sha256:c23080fdeec4716aede32b4e0ef7e213c7b1093eede9ee010949f2a418ced6ba",
                "sha256:d5b5b962221fa2c5d3a7f8133f9abffc114fe218eb4365e40f17732ade576c8e",
                "sha256:d603de2b8d2ea3f3bcb2efe286849aa7a81531abc52d8454da12f46235092bcb",
                "sha256:e83f80a7fec1a62cf4e6c9a660e39c7f878f603737a0cdac8c13131d11d97f52",
                "sha256:eb514ad14edf07a1dbe63761fd30f89ae79b42625731e1ccf5e1f1092950eaa6",
                "sha256:eba96145051ccec0ec86611fe9cf693ce55f2a3ce89c06ed307de0e085730ec1",
                "sha256:ed6f7b854a823ea44cf94919ba3f727e230da29feb4a99711433f25800cf747f",
                "sha256:f0029245c51fd9473dc1aede1160b0a29f4a912e6b1dd353fa6d317085b219da",
                "sha256:f5d869c18f030202eb412f08b28d2afeea553d6613aee89e200d7aca7ef01f5f",
                "sha256:fb62ea4b62bfcb0b380d5680f9a4b3f9a2d166d9394e9bbd9666c0ee09a3645c",
                "sha256:fcb8a47f43acc113e24e910399376f7277cf8508b27e5b88499f053de6b115a8"
            ],
            "version": "==1.0.4"
        },
        "pycrypto": {
            "hashes": [
                "sha256:f2ce1e989b272cfcb677616763e0a2e7ec659effa67a88aa92b3a65528f60a3c"
            ],
            "version": "==2.6.1"
        },
        "python-dateutil": {
            "hashes": [
                "sha256:0123cacc1627ae19ddf3c27a5de5bd67ee4586fbdd6440d9748f8abb483d3e86",
                "sha256:961d03dc3453ebbc59dbdea9e4e11c5651520a876d0f4db161e8674aae935da9"
            ],
            "markers": "python_version >= '2.7'",
            "version": "==2.8.2"
        },
        "pyyaml": {
            "hashes": [
                "sha256:01b45c0191e6d66c470b6cf1b9531a771a83c1c4208272ead47a3ae4f2f603bf",
                "sha256:0283c35a6a9fbf047493e3a0ce8d79ef5030852c51e9d911a27badfde0605293",
                "sha256:055d937d65826939cb044fc8c9b08889e8c743fdc6a32b33e2390f66013e449b",
                "sha256:07751360502caac1c067a8132d150cf3d61339af5691fe9e87803040dbc5db57",
                "sha256:0b4624f379dab24d3725ffde76559cff63d9ec94e1736b556dacdfebe5ab6d4b",
                "sha256:0ce82d761c532fe4ec3f87fc45688bdd3a4c1dc5e0b4a19814b9009a29baefd4",
                "sha256:1e4747bc279b4f613a09eb64bba2ba602d8a6664c6ce6396a4d0cd413a50ce07",
                "sha256:213c60cd50106436cc818accf5baa1aba61c0189ff610f64f4a3e8c6726218ba",
                "sha256:231710d57adfd809ef5d34183b8ed1eeae3f76459c18fb4a0b373ad56bedcdd9",
                "sha256:277a0ef2981ca40581a47093e9e2d13b3f1fbbeffae064c1d21bfceba2030287",
                "sha256:2cd5df3de48857ed0544b34e2d40e9fac445930039f3cfe4bcc592a1f836d513",
                "sha256:40527857252b61eacd1d9af500c3337ba8deb8fc298940291486c465c8b46ec0",
                "sha256:432557aa2c09802be39460360ddffd48156e30721f5e8d917f01d31694216782",
                "sha256:473f9edb243cb1935ab5a084eb238d842fb8f404ed2193a915d1784b5a6b5fc0",
                "sha256:48c346915c114f5fdb3ead70312bd042a953a8ce5c7106d5bfb1a5254e47da92",
                "sha256:50602afada6d6cbfad699b0c7bb50d5ccffa7e46a3d738092afddc1f9758427f",
                "sha256:68fb519c14306fec9720a2a5b45bc9f0c8d1b9c72adf45c37baedfcd949c35a2",
                "sha256:77f396e6ef4c73fdc33a9157446466f1cff553d979bd00ecb64385760c6babdc",
                "sha256:81957921f441d50af23654aa6c5e5eaf9b06aba7f0a19c18a538dc7ef291c5a1",
                "sha256:819b3830a1543db06c4d4b865e70ded25be52a2e0631ccd2f6a47a2822f2fd7c",
                "sha256:897b80890765f037df3403d22bab41627ca8811ae55e9a722fd0392850ec4d86",
                "sha256:98c4d36e99714e55cfbaaee6dd5badbc9a1ec339ebfc3b1f52e293aee6bb71a4",
                "sha256:9df7ed3b3d2e0ecfe09e14741b857df43adb5a3ddadc919a2d94fbdf78fea53c",
                "sha256:9fa600030013c4de8165339db93d182b9431076eb98eb40ee068700c9c813e34",
                "sha256:a80a78046a72361de73f8f395f1f1e49f956c6be882eed58505a15f3e430962b",
                "sha256:afa17f5bc4d1b10afd4466fd3a44dc0e245382deca5b3c353d8b757f9e3ecb8d",
                "sha256:b3d267842bf12586ba6c734f89d1f5b871df0273157918b0ccefa29deb05c21c",
                "sha256:b5b9eccad747aabaaffbc6064800670f0c297e52c12754eb1d976c57e4f74dcb",
                "sha256:bfaef573a63ba8923503d27530362590ff4f576c626d86a9fed95822a8255fd7",
                "sha256:c5687b8d43cf58545ade1fe3e055f70eac7a5a1a0bf42824308d868289a95737",
                "sha256:cba8c411ef271aa037d7357a2bc8f9ee8b58b9965831d9e51baf703280dc73d3",
                "sha256:d15a181d1ecd0d4270dc32edb46f7cb7733c7c508857278d3d378d14d606db2d",
                "sha256:d4b0ba9512519522b118090257be113b9468d804b19d63c71dbcf4a48fa32358",
                "sha256:d4db7c7aef085872ef65a8fd7d6d09a14ae91f691dec3e87ee5ee0539d516f53",
                "sha256:d4eccecf9adf6fbcc6861a38015c2a64f38b9d94838ac1810a9023a0609e1b78",
                "sha256:d67d839ede4ed1b28a4e8909735fc992a923cdb84e618544973d7dfc71540803",
                "sha256:daf496c58a8c52083df09b80c860005194014c3698698d1a57cbcfa182142a3a",
                "sha256:dbad0e9d368bb989f4515da330b88a057617d16b6a8245084f1b05400f24609f",
                "sha256:e61ceaab6f49fb8bdfaa0f92c4b57bcfbea54c09277b1b4f7ac376bfb7a7c174",
                "sha256:f84fbc98b019fef2ee9a1cb3ce93e3187a6df0b2538a651bfb890254ba9f90b5"
            ],
            "markers": "python_version >= '3.6'",
            "version": "==6.0"
        },
        "pyzmq": {
            "hashes": [
                "sha256:0108358dab8c6b27ff6b985c2af4b12665c1bc659648284153ee501000f5c107",
                "sha256:07bec1a1b22dacf718f2c0e71b49600bb6a31a88f06527dfd0b5aababe3fa3f7",
                "sha256:0e8f482c44ccb5884bf3f638f29bea0f8dc68c97e38b2061769c4cb697f6140d",
                "sha256:0ec91f1bad66f3ee8c6deb65fa1fe418e8ad803efedd69c35f3b5502f43bd1dc",
                "sha256:0f14cffd32e9c4c73da66db97853a6aeceaac34acdc0fae9e5bbc9370281864c",
                "sha256:15975747462ec49fdc863af906bab87c43b2491403ab37a6d88410635786b0f4",
                "sha256:1724117bae69e091309ffb8255412c4651d3f6355560d9af312d547f6c5bc8b8",
                "sha256:1a7c280185c4da99e0cc06c63bdf91f5b0b71deb70d8717f0ab870a43e376db8",
                "sha256:1b7928bb7580736ffac5baf814097be342ba08d3cfdfb48e52773ec959572287",
                "sha256:2032d9cb994ce3b4cba2b8dfae08c7e25bc14ba484c770d4d3be33c27de8c45b",
                "sha256:20e7eeb1166087db636c06cae04a1ef59298627f56fb17da10528ab52a14c87f",
                "sha256:216f5d7dbb67166759e59b0479bca82b8acf9bed6015b526b8eb10143fb08e77",
                "sha256:28b119ba97129d3001673a697b7cce47fe6de1f7255d104c2f01108a5179a066",
                "sha256:3104f4b084ad5d9c0cb87445cc8cfd96bba710bef4a66c2674910127044df209",
                "sha256:3e6192dbcefaaa52ed81be88525a54a445f4b4fe2fffcae7fe40ebb58bd06bfd",
                "sha256:42d4f97b9795a7aafa152a36fe2ad44549b83a743fd3e77011136def512e6c2a",
                "sha256:44e706bac34e9f50779cb8c39f10b53a4d15aebb97235643d3112ac20bd577b4",
                "sha256:47b11a729d61a47df56346283a4a800fa379ae6a85870d5a2e1e4956c828eedc",
                "sha256:4854f9edc5208f63f0841c0c667260ae8d6846cfa233c479e29fdc85d42ebd58",
                "sha256:48f721f070726cd2a6e44f3c33f8ee4b24188e4b816e6dd8ba542c8c3bb5b246",
                "sha256:52afb0ac962963fff30cf1be775bc51ae083ef4c1e354266ab20e5382057dd62",
                "sha256:54d8b9c5e288362ec8595c1d98666d36f2070fd0c2f76e2b3c60fbad9bd76227",
                "sha256:5bd3d7dfd9cd058eb68d9a905dec854f86649f64d4ddf21f3ec289341386c44b",
                "sha256:613010b5d17906c4367609e6f52e9a2595e35d5cc27d36ff3f1b6fa6e954d944",
                "sha256:624321120f7e60336be8ec74a172ae7fba5c3ed5bf787cc85f7e9986c9e0ebc2",
                "sha256:65c94410b5a8355cfcf12fd600a313efee46ce96a09e911ea92cf2acf6708804",
                "sha256:6640f83df0ae4ae1104d4c62b77e9ef39be85ebe53f636388707d532bee2b7b8",
                "sha256:687700f8371643916a1d2c61f3fdaa630407dd205c38afff936545d7b7466066",
                "sha256:77c2713faf25a953c69cf0f723d1b7dd83827b0834e6c41e3fb3bbc6765914a1",
                "sha256:78068e8678ca023594e4a0ab558905c1033b2d3e806a0ad9e3094e231e115a33",
                "sha256:7a23ccc1083c260fa9685c93e3b170baba45aeed4b524deb3f426b0c40c11639",
                "sha256:7abddb2bd5489d30ffeb4b93a428130886c171b4d355ccd226e83254fcb6b9ef",
                "sha256:80093b595921eed1a2cead546a683b9e2ae7f4a4592bb2ab22f70d30174f003a",
                "sha256:8242543c522d84d033fe79be04cb559b80d7eb98ad81b137ff7e0a9020f00ace",
                "sha256:838812c65ed5f7c2bd11f7b098d2e5d01685a3f6d1f82849423b570bae698c00",
                "sha256:83ea1a398f192957cb986d9206ce229efe0ee75e3c6635baff53ddf39bd718d5",
                "sha256:8421aa8c9b45ea608c205db9e1c0c855c7e54d0e9c2c2f337ce024f6843cab3b",
                "sha256:858375573c9225cc8e5b49bfac846a77b696b8d5e815711b8d4ba3141e6e8879",
                "sha256:86de64468cad9c6d269f32a6390e210ca5ada568c7a55de8e681ca3b897bb340",
                "sha256:87f7ac99b15270db8d53f28c3c7b968612993a90a5cf359da354efe96f5372b4",
                "sha256:8bad8210ad4df68c44ff3685cca3cda448ee46e20d13edcff8909eba6ec01ca4",
                "sha256:8bb4af15f305056e95ca1bd086239b9ebc6ad55e9f49076d27d80027f72752f6",
                "sha256:8c78bfe20d4c890cb5580a3b9290f700c570e167d4cdcc55feec07030297a5e3",
                "sha256:8f3f3154fde2b1ff3aa7b4f9326347ebc89c8ef425ca1db8f665175e6d3bd42f",
                "sha256:94010bd61bc168c103a5b3b0f56ed3b616688192db7cd5b1d626e49f28ff51b3",
                "sha256:941fab0073f0a54dc33d1a0460cb04e0d85893cb0c5e1476c785000f8b359409",
                "sha256:9dca7c3956b03b7663fac4d150f5e6d4f6f38b2462c1e9afd83bcf7019f17913",
                "sha256:a180dbd5ea5d47c2d3b716d5c19cc3fb162d1c8db93b21a1295d69585bfddac1",
                "sha256:a2712aee7b3834ace51738c15d9ee152cc5a98dc7d57dd93300461b792ab7b43",
                "sha256:a435ef8a3bd95c8a2d316d6e0ff70d0db524f6037411652803e118871d703333",
                "sha256:abb756147314430bee5d10919b8493c0ccb109ddb7f5dfd2fcd7441266a25b75",
                "sha256:abe6eb10122f0d746a0d510c2039ae8edb27bc9af29f6d1b05a66cc2401353ff",
                "sha256:acbd0a6d61cc954b9f535daaa9ec26b0a60a0d4353c5f7c1438ebc88a359a47e",
                "sha256:ae08ac90aa8fa14caafc7a6251bd218bf6dac518b7bff09caaa5e781119ba3f2",
                "sha256:ae61446166983c663cee42c852ed63899e43e484abf080089f771df4b9d272ef",
                "sha256:afe1f3bc486d0ce40abb0a0c9adb39aed3bbac36ebdc596487b0cceba55c21c1",
                "sha256:b946da90dc2799bcafa682692c1d2139b2a96ec3c24fa9fc6f5b0da782675330",
                "sha256:b947e264f0e77d30dcbccbb00f49f900b204b922eb0c3a9f0afd61aaa1cedc3d",
                "sha256:bb5635c851eef3a7a54becde6da99485eecf7d068bd885ac8e6d173c4ecd68b0",
                "sha256:bcbebd369493d68162cddb74a9c1fcebd139dfbb7ddb23d8f8e43e6c87bac3a6",
                "sha256:c31805d2c8ade9b11feca4674eee2b9cce1fec3e8ddb7bbdd961a09dc76a80ea",
                "sha256:c8840f064b1fb377cffd3efeaad2b190c14d4c8da02316dae07571252d20b31f",
                "sha256:ccb94342d13e3bf3ffa6e62f95b5e3f0bc6bfa94558cb37f4b3d09d6feb536ff",
                "sha256:d66689e840e75221b0b290b0befa86f059fb35e1ee6443bce51516d4d61b6b99",
                "sha256:dabf1a05318d95b1537fd61d9330ef4313ea1216eea128a17615038859da3b3b",
                "sha256:db03704b3506455d86ec72c3358a779e9b1d07b61220dfb43702b7b668edcd0d",
                "sha256:de4217b9eb8b541cf2b7fde4401ce9d9a411cc0af85d410f9d6f4333f43640be",
                "sha256:df0841f94928f8af9c7a1f0aaaffba1fb74607af023a152f59379c01c53aee58",
                "sha256:dfb992dbcd88d8254471760879d48fb20836d91baa90f181c957122f9592b3dc",
                "sha256:e7e66b4e403c2836ac74f26c4b65d8ac0ca1eef41dfcac2d013b7482befaad83",
                "sha256:e8012bce6836d3f20a6c9599f81dfa945f433dab4dbd0c4917a6fb1f998ab33d",
                "sha256:f01de4ec083daebf210531e2cca3bdb1608dbbbe00a9723e261d92087a1f6ebc",
                "sha256:f0d945a85b70da97ae86113faf9f1b9294efe66bd4a5d6f82f2676d567338b66",
                "sha256:fa0ae3275ef706c0309556061185dd0e4c4cd3b7d6f67ae617e4e677c7a41e2e"
            ],
            "markers": "python_version >= '3.6'",
            "version": "==24.0.1"
        },
        "requests": {
            "hashes": [
                "sha256:68d7c56fd5a8999887728ef304a6d12edc7be74f1cfa47714fc8b414525c9a61",
                "sha256:f22fa1e554c9ddfd16e6e41ac79759e17be9e492b3587efa038054674760e72d"
            ],
            "markers": "python_version >= '2.7' and python_version not in '3.0, 3.1, 3.2, 3.3, 3.4, 3.5'",
            "version": "==2.27.1"
        },
        "s3transfer": {
            "hashes": [
                "sha256:6efc926738a3cd576c2a79725fed9afde92378aa5c6a957e3af010cb019fac9d",
                "sha256:b780f2411b824cb541dbcd2c713d0cb61c7d1bcadae204cdddda2b35cef493ba"
            ],
            "version": "==0.2.1"
        },
        "salt": {
            "hashes": [
                "sha256:5695bb2b3fa288bcfc0e3b93d9449afd75220bd8f0deefb5e7fc03af381df6cd"
            ],
            "index": "pypi",
            "version": "==2019.2.0"
        },
        "salt-ssh": {
            "hashes": [
                "sha256:14c9b0ca2de920950774cec147073aeb891df647f2273564a24f42af9f3a8615"
            ],
            "index": "pypi",
            "version": "==2019.2.0"
        },
        "six": {
            "hashes": [
                "sha256:1e61c37477a1626458e36f7b1d82aa5c9b094fa4802892072e49de9c60c4c926",
                "sha256:8abb2f1d86890a2dfb989f9a77cfcfd3e47c2a354b01111771326f8aa26e0254"
            ],
            "markers": "python_version >= '2.7' and python_version not in '3.0, 3.1, 3.2, 3.3'",
            "version": "==1.16.0"
        },
        "tornado": {
            "hashes": [
                "sha256:5ef073ac6180038ccf99411fe05ae9aafb675952a2c8db60592d5daf8401f803",
                "sha256:6d14e47eab0e15799cf3cdcc86b0b98279da68522caace2bd7ce644287685f0a",
                "sha256:92b7ca81e18ba9ec3031a7ee73d4577ac21d41a0c9b775a9182f43301c3b5f8e",
                "sha256:ab587996fe6fb9ce65abfda440f9b61e4f9f2cf921967723540679176915e4c3",
                "sha256:b36298e9f63f18cad97378db2222c0e0ca6a55f6304e605515e05a25483ed51a"
            ],
            "version": "==4.5.3"
        },
        "urllib3": {
            "hashes": [
                "sha256:8d7eaa5a82a1cac232164990f04874c594c9453ec55eef02eab885aa02fc17a2",
                "sha256:f5321fbe4bf3fefa0efd0bfe7fb14e90909eb62a48ccda331726b4319897dd5e"
            ],
            "markers": "python_version >= '3.4'",
            "version": "==1.25.11"
        }
    },
    "develop": {
        "flake8": {
            "hashes": [
                "sha256:83905eadba99f73fbfe966598aaf1682b3eb6755d2263c5b33a4e8367d60b0d1",
                "sha256:b907a26dcf5580753d8f80f1be0ec1d5c45b719f7bac441120793d1a70b03f12"
            ],
            "index": "pypi",
            "version": "==3.3.0"
        },
        "mccabe": {
            "hashes": [
                "sha256:ab8a6258860da4b6677da4bd2fe5dc2c659cff31b3ee4f7f5d64e79735b80d42",
                "sha256:dd8d182285a0fe56bace7f45b5e7d1a6ebcbf524e8f3bd87eb0f125271b8831f"
            ],
            "version": "==0.6.1"
        },
        "py": {
            "hashes": [
                "sha256:51c75c4126074b472f746a24399ad32f6053d1b34b68d2fa41e558e6f4a98719",
                "sha256:607c53218732647dff4acdfcd50cb62615cedf612e72d1724fb1a0cc6405b378"
            ],
            "markers": "python_version >= '2.7' and python_version not in '3.0, 3.1, 3.2, 3.3, 3.4'",
            "version": "==1.11.0"
        },
        "pycodestyle": {
            "hashes": [
                "sha256:682256a5b318149ca0d2a9185d365d8864a768a28db66a84a2ea946bcc426766",
                "sha256:6c4245ade1edfad79c3446fadfc96b0de2759662dc29d07d80a6f27ad1ca6ba9"
            ],
            "version": "==2.3.1"
        },
        "pyflakes": {
            "hashes": [
                "sha256:aa0d4dff45c0cc2214ba158d29280f8fa1129f3e87858ef825930845146337f4",
                "sha256:cc5eadfb38041f8366128786b4ca12700ed05bbf1403d808e89d57d67a3875a7"
            ],
            "version": "==1.5.0"
        },
        "pytest": {
            "hashes": [
                "sha256:0173a366a259e1d23b0f433b1f06e1b753110bb33e77a79bd8ea54cbd0b5df15",
                "sha256:765ce3acfff504c6c31e3c024c97dd57c8caa9b0cacd5ec3d0ef4c646a1ddf04"
            ],
            "index": "pypi",
            "version": "==3.1.1"
        },
        "pytest-flake8": {
            "hashes": [
                "sha256:8efaf4595a13079197ac740a12e6a87e3403f08133a42d3ac5984474f6f91681",
                "sha256:aa10a6db147485d71dad391d4149388904c3072194d51755f64784ff128845fd"
            ],
            "index": "pypi",
            "version": "==0.8.1"
        },
        "setuptools": {
            "hashes": [
                "sha256:22c7348c6d2976a52632c67f7ab0cdf40147db7789f9aed18734643fe9cf3373",
                "sha256:4ce92f1e1f8f01233ee9952c04f6b81d1e02939d6e1b488428154974a4d0783e"
            ],
            "markers": "python_version >= '3.6'",
            "version": "==59.6.0"
        }
    }
}
